// !$*UTF8*$!
{
	archiveVersion = 1;
	classes = {
	};
	objectVersion = 56;
	objects = {

/* Begin PBXBuildFile section */
		DD6F23F82CAF865C00A6FD25 /* AppDelegate.swift in Sources */ = {isa = PBXBuildFile; fileRef = DD6F23F72CAF865C00A6FD25 /* AppDelegate.swift */; };
		DD6F23FA2CAF865C00A6FD25 /* SceneDelegate.swift in Sources */ = {isa = PBXBuildFile; fileRef = DD6F23F92CAF865C00A6FD25 /* SceneDelegate.swift */; };
		DD6F23FC2CAF865C00A6FD25 /* ViewController.swift in Sources */ = {isa = PBXBuildFile; fileRef = DD6F23FB2CAF865C00A6FD25 /* ViewController.swift */; };
		DD6F23FF2CAF865C00A6FD25 /* Main.storyboard in Resources */ = {isa = PBXBuildFile; fileRef = DD6F23FD2CAF865C00A6FD25 /* Main.storyboard */; };
		DD6F24012CAF865D00A6FD25 /* Assets.xcassets in Resources */ = {isa = PBXBuildFile; fileRef = DD6F24002CAF865D00A6FD25 /* Assets.xcassets */; };
		DD6F24042CAF865D00A6FD25 /* LaunchScreen.storyboard in Resources */ = {isa = PBXBuildFile; fileRef = DD6F24022CAF865D00A6FD25 /* LaunchScreen.storyboard */; };
		DD9D77CA2CB37CDD005FFC44 /* nssl0049.jpg in Resources */ = {isa = PBXBuildFile; fileRef = DD9D77C02CB37CDD005FFC44 /* nssl0049.jpg */; };
		DD9D77CB2CB37CDD005FFC44 /* nssl0046.jpg in Resources */ = {isa = PBXBuildFile; fileRef = DD9D77C12CB37CDD005FFC44 /* nssl0046.jpg */; };
		DD9D77CC2CB37CDD005FFC44 /* nssl0091.jpg in Resources */ = {isa = PBXBuildFile; fileRef = DD9D77C22CB37CDD005FFC44 /* nssl0091.jpg */; };
		DD9D77CD2CB37CDD005FFC44 /* nssl0045.jpg in Resources */ = {isa = PBXBuildFile; fileRef = DD9D77C32CB37CDD005FFC44 /* nssl0045.jpg */; };
		DD9D77CE2CB37CDD005FFC44 /* nssl0051.jpg in Resources */ = {isa = PBXBuildFile; fileRef = DD9D77C42CB37CDD005FFC44 /* nssl0051.jpg */; };
		DD9D77CF2CB37CDD005FFC44 /* nssl0041.jpg in Resources */ = {isa = PBXBuildFile; fileRef = DD9D77C52CB37CDD005FFC44 /* nssl0041.jpg */; };
		DD9D77D02CB37CDD005FFC44 /* nssl0042.jpg in Resources */ = {isa = PBXBuildFile; fileRef = DD9D77C62CB37CDD005FFC44 /* nssl0042.jpg */; };
		DD9D77D12CB37CDD005FFC44 /* nssl0043.jpg in Resources */ = {isa = PBXBuildFile; fileRef = DD9D77C72CB37CDD005FFC44 /* nssl0043.jpg */; };
		DD9D77D22CB37CDD005FFC44 /* nssl0033.jpg in Resources */ = {isa = PBXBuildFile; fileRef = DD9D77C82CB37CDD005FFC44 /* nssl0033.jpg */; };
		DD9D77D32CB37CDD005FFC44 /* nssl0034.jpg in Resources */ = {isa = PBXBuildFile; fileRef = DD9D77C92CB37CDD005FFC44 /* nssl0034.jpg */; };
		DDDC83E52CD3186C00F8A017 /* DetailViewController.swift in Sources */ = {isa = PBXBuildFile; fileRef = DDDC83E42CD3186C00F8A017 /* DetailViewController.swift */; };
/* End PBXBuildFile section */

/* Begin PBXFileReference section */
		DD6F23F42CAF865C00A6FD25 /* ImageList.app */ = {isa = PBXFileReference; explicitFileType = wrapper.application; includeInIndex = 0; path = ImageList.app; sourceTree = BUILT_PRODUCTS_DIR; };
		DD6F23F72CAF865C00A6FD25 /* AppDelegate.swift */ = {isa = PBXFileReference; lastKnownFileType = sourcecode.swift; path = AppDelegate.swift; sourceTree = "<group>"; };
		DD6F23F92CAF865C00A6FD25 /* SceneDelegate.swift */ = {isa = PBXFileReference; lastKnownFileType = sourcecode.swift; path = SceneDelegate.swift; sourceTree = "<group>"; };
		DD6F23FB2CAF865C00A6FD25 /* ViewController.swift */ = {isa = PBXFileReference; lastKnownFileType = sourcecode.swift; path = ViewController.swift; sourceTree = "<group>"; };
		DD6F23FE2CAF865C00A6FD25 /* Base */ = {isa = PBXFileReference; lastKnownFileType = file.storyboard; name = Base; path = Base.lproj/Main.storyboard; sourceTree = "<group>"; };
		DD6F24002CAF865D00A6FD25 /* Assets.xcassets */ = {isa = PBXFileReference; lastKnownFileType = folder.assetcatalog; path = Assets.xcassets; sourceTree = "<group>"; };
		DD6F24032CAF865D00A6FD25 /* Base */ = {isa = PBXFileReference; lastKnownFileType = file.storyboard; name = Base; path = Base.lproj/LaunchScreen.storyboard; sourceTree = "<group>"; };
		DD6F24052CAF865D00A6FD25 /* Info.plist */ = {isa = PBXFileReference; lastKnownFileType = text.plist.xml; path = Info.plist; sourceTree = "<group>"; };
		DD9D77C02CB37CDD005FFC44 /* nssl0049.jpg */ = {isa = PBXFileReference; lastKnownFileType = image.jpeg; path = nssl0049.jpg; sourceTree = "<group>"; };
		DD9D77C12CB37CDD005FFC44 /* nssl0046.jpg */ = {isa = PBXFileReference; lastKnownFileType = image.jpeg; path = nssl0046.jpg; sourceTree = "<group>"; };
		DD9D77C22CB37CDD005FFC44 /* nssl0091.jpg */ = {isa = PBXFileReference; lastKnownFileType = image.jpeg; path = nssl0091.jpg; sourceTree = "<group>"; };
		DD9D77C32CB37CDD005FFC44 /* nssl0045.jpg */ = {isa = PBXFileReference; lastKnownFileType = image.jpeg; path = nssl0045.jpg; sourceTree = "<group>"; };
		DD9D77C42CB37CDD005FFC44 /* nssl0051.jpg */ = {isa = PBXFileReference; lastKnownFileType = image.jpeg; path = nssl0051.jpg; sourceTree = "<group>"; };
		DD9D77C52CB37CDD005FFC44 /* nssl0041.jpg */ = {isa = PBXFileReference; lastKnownFileType = image.jpeg; path = nssl0041.jpg; sourceTree = "<group>"; };
		DD9D77C62CB37CDD005FFC44 /* nssl0042.jpg */ = {isa = PBXFileReference; lastKnownFileType = image.jpeg; path = nssl0042.jpg; sourceTree = "<group>"; };
		DD9D77C72CB37CDD005FFC44 /* nssl0043.jpg */ = {isa = PBXFileReference; lastKnownFileType = image.jpeg; path = nssl0043.jpg; sourceTree = "<group>"; };
		DD9D77C82CB37CDD005FFC44 /* nssl0033.jpg */ = {isa = PBXFileReference; lastKnownFileType = image.jpeg; path = nssl0033.jpg; sourceTree = "<group>"; };
		DD9D77C92CB37CDD005FFC44 /* nssl0034.jpg */ = {isa = PBXFileReference; lastKnownFileType = image.jpeg; path = nssl0034.jpg; sourceTree = "<group>"; };
		DDDC83E42CD3186C00F8A017 /* DetailViewController.swift */ = {isa = PBXFileReference; lastKnownFileType = sourcecode.swift; path = DetailViewController.swift; sourceTree = "<group>"; };
/* End PBXFileReference section */

/* Begin PBXFrameworksBuildPhase section */
		DD6F23F12CAF865C00A6FD25 /* Frameworks */ = {
			isa = PBXFrameworksBuildPhase;
			buildActionMask = 2147483647;
			files = (
			);
			runOnlyForDeploymentPostprocessing = 0;
		};
/* End PBXFrameworksBuildPhase section */

/* Begin PBXGroup section */
		DD6F23EB2CAF865C00A6FD25 = {
			isa = PBXGroup;
			children = (
				DD6F23F62CAF865C00A6FD25 /* ImageList */,
				DD6F23F52CAF865C00A6FD25 /* Products */,
			);
			sourceTree = "<group>";
		};
		DD6F23F52CAF865C00A6FD25 /* Products */ = {
			isa = PBXGroup;
			children = (
				DD6F23F42CAF865C00A6FD25 /* ImageList.app */,
			);
			name = Products;
			sourceTree = "<group>";
		};
		DD6F23F62CAF865C00A6FD25 /* ImageList */ = {
			isa = PBXGroup;
			children = (
				DD6F23F72CAF865C00A6FD25 /* AppDelegate.swift */,
				DD6F23F92CAF865C00A6FD25 /* SceneDelegate.swift */,
				DD6F23FB2CAF865C00A6FD25 /* ViewController.swift */,
				DDDC83E42CD3186C00F8A017 /* DetailViewController.swift */,
				DD6F23FD2CAF865C00A6FD25 /* Main.storyboard */,
				DD6F24002CAF865D00A6FD25 /* Assets.xcassets */,
				DD6F24022CAF865D00A6FD25 /* LaunchScreen.storyboard */,
				DD6F24052CAF865D00A6FD25 /* Info.plist */,
				DD9D77BF2CB37CDD005FFC44 /* Content */,
			);
			path = ImageList;
			sourceTree = "<group>";
		};
		DD9D77BF2CB37CDD005FFC44 /* Content */ = {
			isa = PBXGroup;
			children = (
				DD9D77C02CB37CDD005FFC44 /* nssl0049.jpg */,
				DD9D77C12CB37CDD005FFC44 /* nssl0046.jpg */,
				DD9D77C22CB37CDD005FFC44 /* nssl0091.jpg */,
				DD9D77C32CB37CDD005FFC44 /* nssl0045.jpg */,
				DD9D77C42CB37CDD005FFC44 /* nssl0051.jpg */,
				DD9D77C52CB37CDD005FFC44 /* nssl0041.jpg */,
				DD9D77C62CB37CDD005FFC44 /* nssl0042.jpg */,
				DD9D77C72CB37CDD005FFC44 /* nssl0043.jpg */,
				DD9D77C82CB37CDD005FFC44 /* nssl0033.jpg */,
				DD9D77C92CB37CDD005FFC44 /* nssl0034.jpg */,
			);
			path = Content;
			sourceTree = "<group>";
		};
/* End PBXGroup section */

/* Begin PBXNativeTarget section */
		DD6F23F32CAF865C00A6FD25 /* ImageList */ = {
			isa = PBXNativeTarget;
			buildConfigurationList = DD6F24082CAF865D00A6FD25 /* Build configuration list for PBXNativeTarget "ImageList" */;
			buildPhases = (
				DD6F23F02CAF865C00A6FD25 /* Sources */,
				DD6F23F12CAF865C00A6FD25 /* Frameworks */,
				DD6F23F22CAF865C00A6FD25 /* Resources */,
			);
			buildRules = (
			);
			dependencies = (
			);
			name = ImageList;
			productName = ImageList;
			productReference = DD6F23F42CAF865C00A6FD25 /* ImageList.app */;
			productType = "com.apple.product-type.application";
		};
/* End PBXNativeTarget section */

/* Begin PBXProject section */
		DD6F23EC2CAF865C00A6FD25 /* Project object */ = {
			isa = PBXProject;
			attributes = {
				BuildIndependentTargetsInParallel = 1;
				LastSwiftUpdateCheck = 1520;
				LastUpgradeCheck = 1520;
				TargetAttributes = {
					DD6F23F32CAF865C00A6FD25 = {
						CreatedOnToolsVersion = 15.2;
					};
				};
			};
			buildConfigurationList = DD6F23EF2CAF865C00A6FD25 /* Build configuration list for PBXProject "ImageList" */;
			compatibilityVersion = "Xcode 14.0";
			developmentRegion = en;
			hasScannedForEncodings = 0;
			knownRegions = (
				en,
				Base,
			);
			mainGroup = DD6F23EB2CAF865C00A6FD25;
			productRefGroup = DD6F23F52CAF865C00A6FD25 /* Products */;
			projectDirPath = "";
			projectRoot = "";
			targets = (
				DD6F23F32CAF865C00A6FD25 /* ImageList */,
			);
		};
/* End PBXProject section */

/* Begin PBXResourcesBuildPhase section */
		DD6F23F22CAF865C00A6FD25 /* Resources */ = {
			isa = PBXResourcesBuildPhase;
			buildActionMask = 2147483647;
			files = (
				DD9D77CB2CB37CDD005FFC44 /* nssl0046.jpg in Resources */,
				DD9D77D22CB37CDD005FFC44 /* nssl0033.jpg in Resources */,
				DD9D77CE2CB37CDD005FFC44 /* nssl0051.jpg in Resources */,
				DD9D77CC2CB37CDD005FFC44 /* nssl0091.jpg in Resources */,
				DD9D77D12CB37CDD005FFC44 /* nssl0043.jpg in Resources */,
				DD9D77D32CB37CDD005FFC44 /* nssl0034.jpg in Resources */,
				DD9D77CA2CB37CDD005FFC44 /* nssl0049.jpg in Resources */,
				DD9D77CF2CB37CDD005FFC44 /* nssl0041.jpg in Resources */,
				DD9D77D02CB37CDD005FFC44 /* nssl0042.jpg in Resources */,
				DD6F24042CAF865D00A6FD25 /* LaunchScreen.storyboard in Resources */,
				DD6F24012CAF865D00A6FD25 /* Assets.xcassets in Resources */,
				DD9D77CD2CB37CDD005FFC44 /* nssl0045.jpg in Resources */,
				DD6F23FF2CAF865C00A6FD25 /* Main.storyboard in Resources */,
			);
			runOnlyForDeploymentPostprocessing = 0;
		};
/* End PBXResourcesBuildPhase section */

/* Begin PBXSourcesBuildPhase section */
		DD6F23F02CAF865C00A6FD25 /* Sources */ = {
			isa = PBXSourcesBuildPhase;
			buildActionMask = 2147483647;
			files = (
				DD6F23FC2CAF865C00A6FD25 /* ViewController.swift in Sources */,
				DD6F23F82CAF865C00A6FD25 /* AppDelegate.swift in Sources */,
				DD6F23FA2CAF865C00A6FD25 /* SceneDelegate.swift in Sources */,
				DDDC83E52CD3186C00F8A017 /* DetailViewController.swift in Sources */,
			);
			runOnlyForDeploymentPostprocessing = 0;
		};
/* End PBXSourcesBuildPhase section */

/* Begin PBXVariantGroup section */
		DD6F23FD2CAF865C00A6FD25 /* Main.storyboard */ = {
			isa = PBXVariantGroup;
			children = (
				DD6F23FE2CAF865C00A6FD25 /* Base */,
			);
			name = Main.storyboard;
			sourceTree = "<group>";
		};
		DD6F24022CAF865D00A6FD25 /* LaunchScreen.storyboard */ = {
			isa = PBXVariantGroup;
			children = (
				DD6F24032CAF865D00A6FD25 /* Base */,
			);
			name = LaunchScreen.storyboard;
			sourceTree = "<group>";
		};
/* End PBXVariantGroup section */

/* Begin XCBuildConfiguration section */
		DD6F24062CAF865D00A6FD25 /* Debug */ = {
			isa = XCBuildConfiguration;
			buildSettings = {
				ALWAYS_SEARCH_USER_PATHS = NO;
				ASSETCATALOG_COMPILER_GENERATE_SWIFT_ASSET_SYMBOL_EXTENSIONS = YES;
				CLANG_ANALYZER_NONNULL = YES;
				CLANG_ANALYZER_NUMBER_OBJECT_CONVERSION = YES_AGGRESSIVE;
				CLANG_CXX_LANGUAGE_STANDARD = "gnu++20";
				CLANG_ENABLE_MODULES = YES;
				CLANG_ENABLE_OBJC_ARC = YES;
				CLANG_ENABLE_OBJC_WEAK = YES;
				CLANG_WARN_BLOCK_CAPTURE_AUTORELEASING = YES;
				CLANG_WARN_BOOL_CONVERSION = YES;
				CLANG_WARN_COMMA = YES;
				CLANG_WARN_CONSTANT_CONVERSION = YES;
				CLANG_WARN_DEPRECATED_OBJC_IMPLEMENTATIONS = YES;
				CLANG_WARN_DIRECT_OBJC_ISA_USAGE = YES_ERROR;
				CLANG_WARN_DOCUMENTATION_COMMENTS = YES;
				CLANG_WARN_EMPTY_BODY = YES;
				CLANG_WARN_ENUM_CONVERSION = YES;
				CLANG_WARN_INFINITE_RECURSION = YES;
				CLANG_WARN_INT_CONVERSION = YES;
				CLANG_WARN_NON_LITERAL_NULL_CONVERSION = YES;
				CLANG_WARN_OBJC_IMPLICIT_RETAIN_SELF = YES;
				CLANG_WARN_OBJC_LITERAL_CONVERSION = YES;
				CLANG_WARN_OBJC_ROOT_CLASS = YES_ERROR;
				CLANG_WARN_QUOTED_INCLUDE_IN_FRAMEWORK_HEADER = YES;
				CLANG_WARN_RANGE_LOOP_ANALYSIS = YES;
				CLANG_WARN_STRICT_PROTOTYPES = YES;
				CLANG_WARN_SUSPICIOUS_MOVE = YES;
				CLANG_WARN_UNGUARDED_AVAILABILITY = YES_AGGRESSIVE;
				CLANG_WARN_UNREACHABLE_CODE = YES;
				CLANG_WARN__DUPLICATE_METHOD_MATCH = YES;
				COPY_PHASE_STRIP = NO;
				DEBUG_INFORMATION_FORMAT = dwarf;
				ENABLE_STRICT_OBJC_MSGSEND = YES;
				ENABLE_TESTABILITY = YES;
				ENABLE_USER_SCRIPT_SANDBOXING = YES;
				GCC_C_LANGUAGE_STANDARD = gnu17;
				GCC_DYNAMIC_NO_PIC = NO;
				GCC_NO_COMMON_BLOCKS = YES;
				GCC_OPTIMIZATION_LEVEL = 0;
				GCC_PREPROCESSOR_DEFINITIONS = (
					"DEBUG=1",
					"$(inherited)",
				);
				GCC_WARN_64_TO_32_BIT_CONVERSION = YES;
				GCC_WARN_ABOUT_RETURN_TYPE = YES_ERROR;
				GCC_WARN_UNDECLARED_SELECTOR = YES;
				GCC_WARN_UNINITIALIZED_AUTOS = YES_AGGRESSIVE;
				GCC_WARN_UNUSED_FUNCTION = YES;
				GCC_WARN_UNUSED_VARIABLE = YES;
				IPHONEOS_DEPLOYMENT_TARGET = 17.2;
				LOCALIZATION_PREFERS_STRING_CATALOGS = YES;
				MTL_ENABLE_DEBUG_INFO = INCLUDE_SOURCE;
				MTL_FAST_MATH = YES;
				ONLY_ACTIVE_ARCH = YES;
				SDKROOT = iphoneos;
				SWIFT_ACTIVE_COMPILATION_CONDITIONS = "DEBUG $(inherited)";
				SWIFT_OPTIMIZATION_LEVEL = "-Onone";
			};
			name = Debug;
		};
		DD6F24072CAF865D00A6FD25 /* Release */ = {
			isa = XCBuildConfiguration;
			buildSettings = {
				ALWAYS_SEARCH_USER_PATHS = NO;
				ASSETCATALOG_COMPILER_GENERATE_SWIFT_ASSET_SYMBOL_EXTENSIONS = YES;
				CLANG_ANALYZER_NONNULL = YES;
				CLANG_ANALYZER_NUMBER_OBJECT_CONVERSION = YES_AGGRESSIVE;
				CLANG_CXX_LANGUAGE_STANDARD = "gnu++20";
				CLANG_ENABLE_MODULES = YES;
				CLANG_ENABLE_OBJC_ARC = YES;
				CLANG_ENABLE_OBJC_WEAK = YES;
				CLANG_WARN_BLOCK_CAPTURE_AUTORELEASING = YES;
				CLANG_WARN_BOOL_CONVERSION = YES;
				CLANG_WARN_COMMA = YES;
				CLANG_WARN_CONSTANT_CONVERSION = YES;
				CLANG_WARN_DEPRECATED_OBJC_IMPLEMENTATIONS = YES;
				CLANG_WARN_DIRECT_OBJC_ISA_USAGE = YES_ERROR;
				CLANG_WARN_DOCUMENTATION_COMMENTS = YES;
				CLANG_WARN_EMPTY_BODY = YES;
				CLANG_WARN_ENUM_CONVERSION = YES;
				CLANG_WARN_INFINITE_RECURSION = YES;
				CLANG_WARN_INT_CONVERSION = YES;
				CLANG_WARN_NON_LITERAL_NULL_CONVERSION = YES;
				CLANG_WARN_OBJC_IMPLICIT_RETAIN_SELF = YES;
				CLANG_WARN_OBJC_LITERAL_CONVERSION = YES;
				CLANG_WARN_OBJC_ROOT_CLASS = YES_ERROR;
				CLANG_WARN_QUOTED_INCLUDE_IN_FRAMEWORK_HEADER = YES;
				CLANG_WARN_RANGE_LOOP_ANALYSIS = YES;
				CLANG_WARN_STRICT_PROTOTYPES = YES;
				CLANG_WARN_SUSPICIOUS_MOVE = YES;
				CLANG_WARN_UNGUARDED_AVAILABILITY = YES_AGGRESSIVE;
				CLANG_WARN_UNREACHABLE_CODE = YES;
				CLANG_WARN__DUPLICATE_METHOD_MATCH = YES;
				COPY_PHASE_STRIP = NO;
				DEBUG_INFORMATION_FORMAT = "dwarf-with-dsym";
				ENABLE_NS_ASSERTIONS = NO;
				ENABLE_STRICT_OBJC_MSGSEND = YES;
				ENABLE_USER_SCRIPT_SANDBOXING = YES;
				GCC_C_LANGUAGE_STANDARD = gnu17;
				GCC_NO_COMMON_BLOCKS = YES;
				GCC_WARN_64_TO_32_BIT_CONVERSION = YES;
				GCC_WARN_ABOUT_RETURN_TYPE = YES_ERROR;
				GCC_WARN_UNDECLARED_SELECTOR = YES;
				GCC_WARN_UNINITIALIZED_AUTOS = YES_AGGRESSIVE;
				GCC_WARN_UNUSED_FUNCTION = YES;
				GCC_WARN_UNUSED_VARIABLE = YES;
				IPHONEOS_DEPLOYMENT_TARGET = 17.2;
				LOCALIZATION_PREFERS_STRING_CATALOGS = YES;
				MTL_ENABLE_DEBUG_INFO = NO;
				MTL_FAST_MATH = YES;
				SDKROOT = iphoneos;
				SWIFT_COMPILATION_MODE = wholemodule;
				VALIDATE_PRODUCT = YES;
			};
			name = Release;
		};
		DD6F24092CAF865D00A6FD25 /* Debug */ = {
			isa = XCBuildConfiguration;
			buildSettings = {
				ASSETCATALOG_COMPILER_APPICON_NAME = AppIcon;
				ASSETCATALOG_COMPILER_GLOBAL_ACCENT_COLOR_NAME = AccentColor;
				CODE_SIGN_STYLE = Automatic;
				CURRENT_PROJECT_VERSION = 1;
				DEVELOPMENT_TEAM = RV9TRT4DDH;
				GENERATE_INFOPLIST_FILE = YES;
				INFOPLIST_FILE = ImageList/Info.plist;
				INFOPLIST_KEY_UIApplicationSupportsIndirectInputEvents = YES;
				INFOPLIST_KEY_UILaunchStoryboardName = LaunchScreen;
				INFOPLIST_KEY_UIMainStoryboardFile = Main;
				INFOPLIST_KEY_UISupportedInterfaceOrientations_iPad = "UIInterfaceOrientationPortrait UIInterfaceOrientationPortraitUpsideDown UIInterfaceOrientationLandscapeLeft UIInterfaceOrientationLandscapeRight";
				INFOPLIST_KEY_UISupportedInterfaceOrientations_iPhone = "UIInterfaceOrientationPortrait UIInterfaceOrientationLandscapeLeft UIInterfaceOrientationLandscapeRight";
				LD_RUNPATH_SEARCH_PATHS = (
					"$(inherited)",
					"@executable_path/Frameworks",
				);
				MARKETING_VERSION = 1.0;
				PRODUCT_BUNDLE_IDENTIFIER = com.alexsilber.ImageList;
				PRODUCT_NAME = "$(TARGET_NAME)";
				SWIFT_EMIT_LOC_STRINGS = YES;
				SWIFT_VERSION = 5.0;
				TARGETED_DEVICE_FAMILY = "1,2";
			};
			name = Debug;
		};
		DD6F240A2CAF865D00A6FD25 /* Release */ = {
			isa = XCBuildConfiguration;
			buildSettings = {
				ASSETCATALOG_COMPILER_APPICON_NAME = AppIcon;
				ASSETCATALOG_COMPILER_GLOBAL_ACCENT_COLOR_NAME = AccentColor;
				CODE_SIGN_STYLE = Automatic;
				CURRENT_PROJECT_VERSION = 1;
				DEVELOPMENT_TEAM = RV9TRT4DDH;
				GENERATE_INFOPLIST_FILE = YES;
				INFOPLIST_FILE = ImageList/Info.plist;
				INFOPLIST_KEY_UIApplicationSupportsIndirectInputEvents = YES;
				INFOPLIST_KEY_UILaunchStoryboardName = LaunchScreen;
				INFOPLIST_KEY_UIMainStoryboardFile = Main;
				INFOPLIST_KEY_UISupportedInterfaceOrientations_iPad = "UIInterfaceOrientationPortrait UIInterfaceOrientationPortraitUpsideDown UIInterfaceOrientationLandscapeLeft UIInterfaceOrientationLandscapeRight";
				INFOPLIST_KEY_UISupportedInterfaceOrientations_iPhone = "UIInterfaceOrientationPortrait UIInterfaceOrientationLandscapeLeft UIInterfaceOrientationLandscapeRight";
				LD_RUNPATH_SEARCH_PATHS = (
					"$(inherited)",
					"@executable_path/Frameworks",
				);
				MARKETING_VERSION = 1.0;
				PRODUCT_BUNDLE_IDENTIFIER = com.alexsilber.ImageList;
				PRODUCT_NAME = "$(TARGET_NAME)";
				SWIFT_EMIT_LOC_STRINGS = YES;
				SWIFT_VERSION = 5.0;
				TARGETED_DEVICE_FAMILY = "1,2";
			};
			name = Release;
		};
/* End XCBuildConfiguration section */

/* Begin XCConfigurationList section */
		DD6F23EF2CAF865C00A6FD25 /* Build configuration list for PBXProject "ImageList" */ = {
			isa = XCConfigurationList;
			buildConfigurations = (
				DD6F24062CAF865D00A6FD25 /* Debug */,
				DD6F24072CAF865D00A6FD25 /* Release */,
			);
			defaultConfigurationIsVisible = 0;
			defaultConfigurationName = Release;
		};
		DD6F24082CAF865D00A6FD25 /* Build configuration list for PBXNativeTarget "ImageList" */ = {
			isa = XCConfigurationList;
			buildConfigurations = (
				DD6F24092CAF865D00A6FD25 /* Debug */,
				DD6F240A2CAF865D00A6FD25 /* Release */,
			);
			defaultConfigurationIsVisible = 0;
			defaultConfigurationName = Release;
		};
/* End XCConfigurationList section */
	};
	rootObject = DD6F23EC2CAF865C00A6FD25 /* Project object */;
}
